
Microsoft Visual Studio Solution File, Format Version 12.00
# Visual Studio Version 17
VisualStudioVersion = 17.12.35527.113 d17.12
MinimumVisualStudioVersion = 10.0.40219.1
Project("{FAE04EC0-301F-11D3-BF4B-00C04F79EFBC}") = "PropertiesApi", "PropertiesApi\PropertiesApi.csproj", "{4EB31ACC-363B-4DD4-8143-9D32B5678A90}"
EndProject
Project("{FAE04EC0-301F-11D3-BF4B-00C04F79EFBC}") = "Domain", "Domain\Domain.csproj", "{BA24B330-87A3-49CB-911F-38A800EE718D}"
EndProject
Global
	GlobalSection(SolutionConfigurationPlatforms) = preSolution
		Debug|Any CPU = Debug|Any CPU
		Release|Any CPU = Release|Any CPU
	EndGlobalSection
	GlobalSection(ProjectConfigurationPlatforms) = postSolution
		{4EB31ACC-363B-4DD4-8143-9D32B5678A90}.Debug|Any CPU.ActiveCfg = Debug|Any CPU
		{4EB31ACC-363B-4DD4-8143-9D32B5678A90}.Debug|Any CPU.Build.0 = Debug|Any CPU
		{4EB31ACC-363B-4DD4-8143-9D32B5678A90}.Release|Any CPU.ActiveCfg = Release|Any CPU
		{4EB31ACC-363B-4DD4-8143-9D32B5678A90}.Release|Any CPU.Build.0 = Release|Any CPU
		{BA24B330-87A3-49CB-911F-38A800EE718D}.Debug|Any CPU.ActiveCfg = Debug|Any CPU
		{BA24B330-87A3-49CB-911F-38A800EE718D}.Debug|Any CPU.Build.0 = Debug|Any CPU
		{BA24B330-87A3-49CB-911F-38A800EE718D}.Release|Any CPU.ActiveCfg = Release|Any CPU
		{BA24B330-87A3-49CB-911F-38A800EE718D}.Release|Any CPU.Build.0 = Release|Any CPU
	EndGlobalSection
	GlobalSection(SolutionProperties) = preSolution
		HideSolutionNode = FALSE
	EndGlobalSection
EndGlobal
